// !$*UTF8*$!
{
	archiveVersion = 1;
	classes = {
	};
	objectVersion = 50;
	objects = {

/* Begin PBXBuildFile section */
		0D27795998C0F3CC42ACED76 /* Pods_PokemonGetter.framework in Frameworks */ = {isa = PBXBuildFile; fileRef = 38F7227770E5445DAB1494B8 /* Pods_PokemonGetter.framework */; };
		20B9BD212180B3A50024284B /* AppDelegate.swift in Sources */ = {isa = PBXBuildFile; fileRef = 20B9BD202180B3A50024284B /* AppDelegate.swift */; };
		20B9BD232180B3A50024284B /* ViewController.swift in Sources */ = {isa = PBXBuildFile; fileRef = 20B9BD222180B3A50024284B /* ViewController.swift */; };
		20B9BD262180B3A50024284B /* Main.storyboard in Resources */ = {isa = PBXBuildFile; fileRef = 20B9BD242180B3A50024284B /* Main.storyboard */; };
		20B9BD282180B3A60024284B /* Assets.xcassets in Resources */ = {isa = PBXBuildFile; fileRef = 20B9BD272180B3A60024284B /* Assets.xcassets */; };
		20B9BD2B2180B3A60024284B /* LaunchScreen.storyboard in Resources */ = {isa = PBXBuildFile; fileRef = 20B9BD292180B3A60024284B /* LaunchScreen.storyboard */; };
		20F479BA2180F9AC00091741 /* PokemonClass.swift in Sources */ = {isa = PBXBuildFile; fileRef = 20F479B92180F9AC00091741 /* PokemonClass.swift */; };
/* End PBXBuildFile section */

/* Begin PBXFileReference section */
		1862A6DD106B493FDB85BF62 /* Pods-PokemonGetter.debug.xcconfig */ = {isa = PBXFileReference; includeInIndex = 1; lastKnownFileType = text.xcconfig; name = "Pods-PokemonGetter.debug.xcconfig"; path = "Pods/Target Support Files/Pods-PokemonGetter/Pods-PokemonGetter.debug.xcconfig"; sourceTree = "<group>"; };
		20B9BD1D2180B3A50024284B /* PokemonGetter.app */ = {isa = PBXFileReference; explicitFileType = wrapper.application; includeInIndex = 0; path = PokemonGetter.app; sourceTree = BUILT_PRODUCTS_DIR; };
		20B9BD202180B3A50024284B /* AppDelegate.swift */ = {isa = PBXFileReference; lastKnownFileType = sourcecode.swift; path = AppDelegate.swift; sourceTree = "<group>"; };
		20B9BD222180B3A50024284B /* ViewController.swift */ = {isa = PBXFileReference; lastKnownFileType = sourcecode.swift; path = ViewController.swift; sourceTree = "<group>"; };
		20B9BD252180B3A50024284B /* Base */ = {isa = PBXFileReference; lastKnownFileType = file.storyboard; name = Base; path = Base.lproj/Main.storyboard; sourceTree = "<group>"; };
		20B9BD272180B3A60024284B /* Assets.xcassets */ = {isa = PBXFileReference; lastKnownFileType = folder.assetcatalog; path = Assets.xcassets; sourceTree = "<group>"; };
		20B9BD2A2180B3A60024284B /* Base */ = {isa = PBXFileReference; lastKnownFileType = file.storyboard; name = Base; path = Base.lproj/LaunchScreen.storyboard; sourceTree = "<group>"; };
		20B9BD2C2180B3A60024284B /* Info.plist */ = {isa = PBXFileReference; lastKnownFileType = text.plist.xml; path = Info.plist; sourceTree = "<group>"; };
		20F479B92180F9AC00091741 /* PokemonClass.swift */ = {isa = PBXFileReference; lastKnownFileType = sourcecode.swift; path = PokemonClass.swift; sourceTree = "<group>"; };
		38F7227770E5445DAB1494B8 /* Pods_PokemonGetter.framework */ = {isa = PBXFileReference; explicitFileType = wrapper.framework; includeInIndex = 0; path = Pods_PokemonGetter.framework; sourceTree = BUILT_PRODUCTS_DIR; };
		3A62EDAB0164504386C2F8B0 /* Pods-PokemonGetter.release.xcconfig */ = {isa = PBXFileReference; includeInIndex = 1; lastKnownFileType = text.xcconfig; name = "Pods-PokemonGetter.release.xcconfig"; path = "Pods/Target Support Files/Pods-PokemonGetter/Pods-PokemonGetter.release.xcconfig"; sourceTree = "<group>"; };
/* End PBXFileReference section */

/* Begin PBXFrameworksBuildPhase section */
		20B9BD1A2180B3A50024284B /* Frameworks */ = {
			isa = PBXFrameworksBuildPhase;
			buildActionMask = 2147483647;
			files = (
				0D27795998C0F3CC42ACED76 /* Pods_PokemonGetter.framework in Frameworks */,
			);
			runOnlyForDeploymentPostprocessing = 0;
		};
/* End PBXFrameworksBuildPhase section */

/* Begin PBXGroup section */
		20B9BD142180B3A50024284B = {
			isa = PBXGroup;
			children = (
				20B9BD1F2180B3A50024284B /* PokemonGetter */,
				20B9BD1E2180B3A50024284B /* Products */,
				9A48712845A70B215127EF02 /* Pods */,
				C687A7D014BC61D6B1D13453 /* Frameworks */,
			);
			sourceTree = "<group>";
		};
		20B9BD1E2180B3A50024284B /* Products */ = {
			isa = PBXGroup;
			children = (
				20B9BD1D2180B3A50024284B /* PokemonGetter.app */,
			);
			name = Products;
			sourceTree = "<group>";
		};
		20B9BD1F2180B3A50024284B /* PokemonGetter */ = {
			isa = PBXGroup;
			children = (
				20B9BD202180B3A50024284B /* AppDelegate.swift */,
				20B9BD222180B3A50024284B /* ViewController.swift */,
				20B9BD242180B3A50024284B /* Main.storyboard */,
				20B9BD272180B3A60024284B /* Assets.xcassets */,
				20B9BD292180B3A60024284B /* LaunchScreen.storyboard */,
				20B9BD2C2180B3A60024284B /* Info.plist */,
				20F479B92180F9AC00091741 /* PokemonClass.swift */,
			);
			path = PokemonGetter;
			sourceTree = "<group>";
		};
		9A48712845A70B215127EF02 /* Pods */ = {
			isa = PBXGroup;
			children = (
				1862A6DD106B493FDB85BF62 /* Pods-PokemonGetter.debug.xcconfig */,
				3A62EDAB0164504386C2F8B0 /* Pods-PokemonGetter.release.xcconfig */,
			);
			name = Pods;
			sourceTree = "<group>";
		};
		C687A7D014BC61D6B1D13453 /* Frameworks */ = {
			isa = PBXGroup;
			children = (
				38F7227770E5445DAB1494B8 /* Pods_PokemonGetter.framework */,
			);
			name = Frameworks;
			sourceTree = "<group>";
		};
/* End PBXGroup section */

/* Begin PBXNativeTarget section */
		20B9BD1C2180B3A50024284B /* PokemonGetter */ = {
			isa = PBXNativeTarget;
			buildConfigurationList = 20B9BD2F2180B3A60024284B /* Build configuration list for PBXNativeTarget "PokemonGetter" */;
			buildPhases = (
				ED2419B7977815BA5F16CDFA /* [CP] Check Pods Manifest.lock */,
				20B9BD192180B3A50024284B /* Sources */,
				20B9BD1A2180B3A50024284B /* Frameworks */,
				20B9BD1B2180B3A50024284B /* Resources */,
				2FA94167BD578DADC5D8DF5D /* [CP] Embed Pods Frameworks */,
			);
			buildRules = (
			);
			dependencies = (
			);
			name = PokemonGetter;
			productName = PokemonGetter;
			productReference = 20B9BD1D2180B3A50024284B /* PokemonGetter.app */;
			productType = "com.apple.product-type.application";
		};
/* End PBXNativeTarget section */

/* Begin PBXProject section */
		20B9BD152180B3A50024284B /* Project object */ = {
			isa = PBXProject;
			attributes = {
				LastSwiftUpdateCheck = 1000;
				LastUpgradeCheck = 1000;
				ORGANIZATIONNAME = "Brian Sadler";
				TargetAttributes = {
					20B9BD1C2180B3A50024284B = {
						CreatedOnToolsVersion = 10.0;
					};
				};
			};
			buildConfigurationList = 20B9BD182180B3A50024284B /* Build configuration list for PBXProject "PokemonGetter" */;
			compatibilityVersion = "Xcode 9.3";
			developmentRegion = en;
			hasScannedForEncodings = 0;
			knownRegions = (
				en,
				Base,
			);
			mainGroup = 20B9BD142180B3A50024284B;
			productRefGroup = 20B9BD1E2180B3A50024284B /* Products */;
			projectDirPath = "";
			projectRoot = "";
			targets = (
				20B9BD1C2180B3A50024284B /* PokemonGetter */,
			);
		};
/* End PBXProject section */

/* Begin PBXResourcesBuildPhase section */
		20B9BD1B2180B3A50024284B /* Resources */ = {
			isa = PBXResourcesBuildPhase;
			buildActionMask = 2147483647;
			files = (
				20B9BD2B2180B3A60024284B /* LaunchScreen.storyboard in Resources */,
				20B9BD282180B3A60024284B /* Assets.xcassets in Resources */,
				20B9BD262180B3A50024284B /* Main.storyboard in Resources */,
			);
			runOnlyForDeploymentPostprocessing = 0;
		};
/* End PBXResourcesBuildPhase section */

/* Begin PBXShellScriptBuildPhase section */
		2FA94167BD578DADC5D8DF5D /* [CP] Embed Pods Frameworks */ = {
			isa = PBXShellScriptBuildPhase;
			buildActionMask = 2147483647;
			files = (
			);
			inputPaths = (
				"${SRCROOT}/Pods/Target Support Files/Pods-PokemonGetter/Pods-PokemonGetter-frameworks.sh",
				"${BUILT_PRODUCTS_DIR}/Alamofire/Alamofire.framework",
				"${BUILT_PRODUCTS_DIR}/SDWebImage/SDWebImage.framework",
				"${BUILT_PRODUCTS_DIR}/SwiftyJSON/SwiftyJSON.framework",
			);
			name = "[CP] Embed Pods Frameworks";
			outputPaths = (
				"${TARGET_BUILD_DIR}/${FRAMEWORKS_FOLDER_PATH}/Alamofire.framework",
				"${TARGET_BUILD_DIR}/${FRAMEWORKS_FOLDER_PATH}/SDWebImage.framework",
				"${TARGET_BUILD_DIR}/${FRAMEWORKS_FOLDER_PATH}/SwiftyJSON.framework",
			);
			runOnlyForDeploymentPostprocessing = 0;
			shellPath = /bin/sh;
			shellScript = "\"${SRCROOT}/Pods/Target Support Files/Pods-PokemonGetter/Pods-PokemonGetter-frameworks.sh\"\n";
			showEnvVarsInLog = 0;
		};
		ED2419B7977815BA5F16CDFA /* [CP] Check Pods Manifest.lock */ = {
			isa = PBXShellScriptBuildPhase;
			buildActionMask = 2147483647;
			files = (
			);
			inputPaths = (
				"${PODS_PODFILE_DIR_PATH}/Podfile.lock",
				"${PODS_ROOT}/Manifest.lock",
			);
			name = "[CP] Check Pods Manifest.lock";
			outputPaths = (
				"$(DERIVED_FILE_DIR)/Pods-PokemonGetter-checkManifestLockResult.txt",
			);
			runOnlyForDeploymentPostprocessing = 0;
			shellPath = /bin/sh;
			shellScript = "diff \"${PODS_PODFILE_DIR_PATH}/Podfile.lock\" \"${PODS_ROOT}/Manifest.lock\" > /dev/null\nif [ $? != 0 ] ; then\n    # print error to STDERR\n    echo \"error: The sandbox is not in sync with the Podfile.lock. Run 'pod install' or update your CocoaPods installation.\" >&2\n    exit 1\nfi\n# This output is used by Xcode 'outputs' to avoid re-running this script phase.\necho \"SUCCESS\" > \"${SCRIPT_OUTPUT_FILE_0}\"\n";
			showEnvVarsInLog = 0;
		};
/* End PBXShellScriptBuildPhase section */

/* Begin PBXSourcesBuildPhase section */
		20B9BD192180B3A50024284B /* Sources */ = {
			isa = PBXSourcesBuildPhase;
			buildActionMask = 2147483647;
			files = (
				20B9BD232180B3A50024284B /* ViewController.swift in Sources */,
				20F479BA2180F9AC00091741 /* PokemonClass.swift in Sources */,
				20B9BD212180B3A50024284B /* AppDelegate.swift in Sources */,
			);
			runOnlyForDeploymentPostprocessing = 0;
		};
/* End PBXSourcesBuildPhase section */

/* Begin PBXVariantGroup section */
		20B9BD242180B3A50024284B /* Main.storyboard */ = {
			isa = PBXVariantGroup;
			children = (
				20B9BD252180B3A50024284B /* Base */,
			);
			name = Main.storyboard;
			sourceTree = "<group>";
		};
		20B9BD292180B3A60024284B /* LaunchScreen.storyboard */ = {
			isa = PBXVariantGroup;
			children = (
				20B9BD2A2180B3A60024284B /* Base */,
			);
			name = LaunchScreen.storyboard;
			sourceTree = "<group>";
		};
/* End PBXVariantGroup section */

/* Begin XCBuildConfiguration section */
		20B9BD2D2180B3A60024284B /* Debug */ = {
			isa = XCBuildConfiguration;
			buildSettings = {
				ALWAYS_SEARCH_USER_PATHS = NO;
				CLANG_ANALYZER_NONNULL = YES;
				CLANG_ANALYZER_NUMBER_OBJECT_CONVERSION = YES_AGGRESSIVE;
				CLANG_CXX_LANGUAGE_STANDARD = "gnu++14";
				CLANG_CXX_LIBRARY = "libc++";
				CLANG_ENABLE_MODULES = YES;
				CLANG_ENABLE_OBJC_ARC = YES;
				CLANG_ENABLE_OBJC_WEAK = YES;
				CLANG_WARN_BLOCK_CAPTURE_AUTORELEASING = YES;
				CLANG_WARN_BOOL_CONVERSION = YES;
				CLANG_WARN_COMMA = YES;
				CLANG_WARN_CONSTANT_CONVERSION = YES;
				CLANG_WARN_DEPRECATED_OBJC_IMPLEMENTATIONS = YES;
				CLANG_WARN_DIRECT_OBJC_ISA_USAGE = YES_ERROR;
				CLANG_WARN_DOCUMENTATION_COMMENTS = YES;
				CLANG_WARN_EMPTY_BODY = YES;
				CLANG_WARN_ENUM_CONVERSION = YES;
				CLANG_WARN_INFINITE_RECURSION = YES;
				CLANG_WARN_INT_CONVERSION = YES;
				CLANG_WARN_NON_LITERAL_NULL_CONVERSION = YES;
				CLANG_WARN_OBJC_IMPLICIT_RETAIN_SELF = YES;
				CLANG_WARN_OBJC_LITERAL_CONVERSION = YES;
				CLANG_WARN_OBJC_ROOT_CLASS = YES_ERROR;
				CLANG_WARN_RANGE_LOOP_ANALYSIS = YES;
				CLANG_WARN_STRICT_PROTOTYPES = YES;
				CLANG_WARN_SUSPICIOUS_MOVE = YES;
				CLANG_WARN_UNGUARDED_AVAILABILITY = YES_AGGRESSIVE;
				CLANG_WARN_UNREACHABLE_CODE = YES;
				CLANG_WARN__DUPLICATE_METHOD_MATCH = YES;
				CODE_SIGN_IDENTITY = "iPhone Developer";
				COPY_PHASE_STRIP = NO;
				DEBUG_INFORMATION_FORMAT = dwarf;
				ENABLE_STRICT_OBJC_MSGSEND = YES;
				ENABLE_TESTABILITY = YES;
				GCC_C_LANGUAGE_STANDARD = gnu11;
				GCC_DYNAMIC_NO_PIC = NO;
				GCC_NO_COMMON_BLOCKS = YES;
				GCC_OPTIMIZATION_LEVEL = 0;
				GCC_PREPROCESSOR_DEFINITIONS = (
					"DEBUG=1",
					"$(inherited)",
				);
				GCC_WARN_64_TO_32_BIT_CONVERSION = YES;
				GCC_WARN_ABOUT_RETURN_TYPE = YES_ERROR;
				GCC_WARN_UNDECLARED_SELECTOR = YES;
				GCC_WARN_UNINITIALIZED_AUTOS = YES_AGGRESSIVE;
				GCC_WARN_UNUSED_FUNCTION = YES;
				GCC_WARN_UNUSED_VARIABLE = YES;
				IPHONEOS_DEPLOYMENT_TARGET = 12.0;
				MTL_ENABLE_DEBUG_INFO = INCLUDE_SOURCE;
				MTL_FAST_MATH = YES;
				ONLY_ACTIVE_ARCH = YES;
				SDKROOT = iphoneos;
				SWIFT_ACTIVE_COMPILATION_CONDITIONS = DEBUG;
				SWIFT_OPTIMIZATION_LEVEL = "-Onone";
			};
			name = Debug;
		};
		20B9BD2E2180B3A60024284B /* Release */ = {
			isa = XCBuildConfiguration;
			buildSettings = {
				ALWAYS_SEARCH_USER_PATHS = NO;
				CLANG_ANALYZER_NONNULL = YES;
				CLANG_ANALYZER_NUMBER_OBJECT_CONVERSION = YES_AGGRESSIVE;
				CLANG_CXX_LANGUAGE_STANDARD = "gnu++14";
				CLANG_CXX_LIBRARY = "libc++";
				CLANG_ENABLE_MODULES = YES;
				CLANG_ENABLE_OBJC_ARC = YES;
				CLANG_ENABLE_OBJC_WEAK = YES;
				CLANG_WARN_BLOCK_CAPTURE_AUTORELEASING = YES;
				CLANG_WARN_BOOL_CONVERSION = YES;
				CLANG_WARN_COMMA = YES;
				CLANG_WARN_CONSTANT_CONVERSION = YES;
				CLANG_WARN_DEPRECATED_OBJC_IMPLEMENTATIONS = YES;
				CLANG_WARN_DIRECT_OBJC_ISA_USAGE = YES_ERROR;
				CLANG_WARN_DOCUMENTATION_COMMENTS = YES;
				CLANG_WARN_EMPTY_BODY = YES;
				CLANG_WARN_ENUM_CONVERSION = YES;
				CLANG_WARN_INFINITE_RECURSION = YES;
				CLANG_WARN_INT_CONVERSION = YES;
				CLANG_WARN_NON_LITERAL_NULL_CONVERSION = YES;
				CLANG_WARN_OBJC_IMPLICIT_RETAIN_SELF = YES;
				CLANG_WARN_OBJC_LITERAL_CONVERSION = YES;
				CLANG_WARN_OBJC_ROOT_CLASS = YES_ERROR;
				CLANG_WARN_RANGE_LOOP_ANALYSIS = YES;
				CLANG_WARN_STRICT_PROTOTYPES = YES;
				CLANG_WARN_SUSPICIOUS_MOVE = YES;
				CLANG_WARN_UNGUARDED_AVAILABILITY = YES_AGGRESSIVE;
				CLANG_WARN_UNREACHABLE_CODE = YES;
				CLANG_WARN__DUPLICATE_METHOD_MATCH = YES;
				CODE_SIGN_IDENTITY = "iPhone Developer";
				COPY_PHASE_STRIP = NO;
				DEBUG_INFORMATION_FORMAT = "dwarf-with-dsym";
				ENABLE_NS_ASSERTIONS = NO;
				ENABLE_STRICT_OBJC_MSGSEND = YES;
				GCC_C_LANGUAGE_STANDARD = gnu11;
				GCC_NO_COMMON_BLOCKS = YES;
				GCC_WARN_64_TO_32_BIT_CONVERSION = YES;
				GCC_WARN_ABOUT_RETURN_TYPE = YES_ERROR;
				GCC_WARN_UNDECLARED_SELECTOR = YES;
				GCC_WARN_UNINITIALIZED_AUTOS = YES_AGGRESSIVE;
				GCC_WARN_UNUSED_FUNCTION = YES;
				GCC_WARN_UNUSED_VARIABLE = YES;
				IPHONEOS_DEPLOYMENT_TARGET = 12.0;
				MTL_ENABLE_DEBUG_INFO = NO;
				MTL_FAST_MATH = YES;
				SDKROOT = iphoneos;
				SWIFT_COMPILATION_MODE = wholemodule;
				SWIFT_OPTIMIZATION_LEVEL = "-O";
				VALIDATE_PRODUCT = YES;
			};
			name = Release;
		};
		20B9BD302180B3A60024284B /* Debug */ = {
			isa = XCBuildConfiguration;
			baseConfigurationReference = 1862A6DD106B493FDB85BF62 /* Pods-PokemonGetter.debug.xcconfig */;
			buildSettings = {
				ASSETCATALOG_COMPILER_APPICON_NAME = AppIcon;
				CODE_SIGN_STYLE = Automatic;
				DEVELOPMENT_TEAM = LDT525N94J;
				INFOPLIST_FILE = PokemonGetter/Info.plist;
				LD_RUNPATH_SEARCH_PATHS = (
					"$(inherited)",
					"@executable_path/Frameworks",
				);
				PRODUCT_BUNDLE_IDENTIFIER = SaddleUp.PokemonGetter;
				PRODUCT_NAME = "$(TARGET_NAME)";
				SWIFT_VERSION = 4.2;
				TARGETED_DEVICE_FAMILY = "1,2";
			};
			name = Debug;
		};
		20B9BD312180B3A60024284B /* Release */ = {
			isa = XCBuildConfiguration;
			baseConfigurationReference = 3A62EDAB0164504386C2F8B0 /* Pods-PokemonGetter.release.xcconfig */;
			buildSettings = {
				ASSETCATALOG_COMPILER_APPICON_NAME = AppIcon;
				CODE_SIGN_STYLE = Automatic;
				DEVELOPMENT_TEAM = LDT525N94J;
				INFOPLIST_FILE = PokemonGetter/Info.plist;
				LD_RUNPATH_SEARCH_PATHS = (
					"$(inherited)",
					"@executable_path/Frameworks",
				);
				PRODUCT_BUNDLE_IDENTIFIER = SaddleUp.PokemonGetter;
				PRODUCT_NAME = "$(TARGET_NAME)";
				SWIFT_VERSION = 4.2;
				TARGETED_DEVICE_FAMILY = "1,2";
			};
			name = Release;
		};
/* End XCBuildConfiguration section */

/* Begin XCConfigurationList section */
		20B9BD182180B3A50024284B /* Build configuration list for PBXProject "PokemonGetter" */ = {
			isa = XCConfigurationList;
			buildConfigurations = (
				20B9BD2D2180B3A60024284B /* Debug */,
				20B9BD2E2180B3A60024284B /* Release */,
			);
			defaultConfigurationIsVisible = 0;
			defaultConfigurationName = Release;
		};
		20B9BD2F2180B3A60024284B /* Build configuration list for PBXNativeTarget "PokemonGetter" */ = {
			isa = XCConfigurationList;
			buildConfigurations = (
				20B9BD302180B3A60024284B /* Debug */,
				20B9BD312180B3A60024284B /* Release */,
			);
			defaultConfigurationIsVisible = 0;
			defaultConfigurationName = Release;
		};
/* End XCConfigurationList section */
	};
	rootObject = 20B9BD152180B3A50024284B /* Project object */;
}
